
Microsoft Visual Studio Solution File, Format Version 12.00
# Visual Studio Version 17
VisualStudioVersion = 17.13.35931.197 d17.13
MinimumVisualStudioVersion = 10.0.40219.1
Project("{FAE04EC0-301F-11D3-BF4B-00C04F79EFBC}") = "Practica2LuciaGarciaLopez", "Practica2LuciaGarciaLopez\Practica2LuciaGarciaLopez.csproj", "{6C20938E-A601-4A46-AEBD-628692F2766D}"
EndProject
Global
	GlobalSection(SolutionConfigurationPlatforms) = preSolution
		Debug|Any CPU = Debug|Any CPU
		Release|Any CPU = Release|Any CPU
	EndGlobalSection
	GlobalSection(ProjectConfigurationPlatforms) = postSolution
		{6C20938E-A601-4A46-AEBD-628692F2766D}.Debug|Any CPU.ActiveCfg = Debug|Any CPU
		{6C20938E-A601-4A46-AEBD-628692F2766D}.Debug|Any CPU.Build.0 = Debug|Any CPU
		{6C20938E-A601-4A46-AEBD-628692F2766D}.Debug|Any CPU.Deploy.0 = Debug|Any CPU
		{6C20938E-A601-4A46-AEBD-628692F2766D}.Release|Any CPU.ActiveCfg = Release|Any CPU
		{6C20938E-A601-4A46-AEBD-628692F2766D}.Release|Any CPU.Build.0 = Release|Any CPU
		{6C20938E-A601-4A46-AEBD-628692F2766D}.Release|Any CPU.Deploy.0 = Release|Any CPU
	EndGlobalSection
	GlobalSection(SolutionProperties) = preSolution
		HideSolutionNode = FALSE
	EndGlobalSection
	GlobalSection(ExtensibilityGlobals) = postSolution
		SolutionGuid = {BE65F5D4-1B7A-433E-9CD8-EF10C214A53E}
	EndGlobalSection
EndGlobal
